
Microsoft Visual Studio Solution File, Format Version 12.00
# Visual Studio Version 17
VisualStudioVersion = 17.8.34330.188
MinimumVisualStudioVersion = 10.0.40219.1
Project("{FAE04EC0-301F-11D3-BF4B-00C04F79EFBC}") = "LevanaMarketGrab", "src\LevanaMarketGrab\LevanaMarketGrab.csproj", "{02B2D696-83DC-451A-A92D-9CFADCEE4FBD}"
EndProject
Project("{FAE04EC0-301F-11D3-BF4B-00C04F79EFBC}") = "ContractSchemas", "src\ContractSchemas\ContractSchemas.csproj", "{242980A0-5CD1-4ACD-816A-A7C429911F6D}"
EndProject
Global
	GlobalSection(SolutionConfigurationPlatforms) = preSolution
		Debug|Any CPU = Debug|Any CPU
		Release|Any CPU = Release|Any CPU
	EndGlobalSection
	GlobalSection(ProjectConfigurationPlatforms) = postSolution
		{02B2D696-83DC-451A-A92D-9CFADCEE4FBD}.Debug|Any CPU.ActiveCfg = Debug|Any CPU
		{02B2D696-83DC-451A-A92D-9CFADCEE4FBD}.Debug|Any CPU.Build.0 = Debug|Any CPU
		{02B2D696-83DC-451A-A92D-9CFADCEE4FBD}.Release|Any CPU.ActiveCfg = Release|Any CPU
		{02B2D696-83DC-451A-A92D-9CFADCEE4FBD}.Release|Any CPU.Build.0 = Release|Any CPU
		{242980A0-5CD1-4ACD-816A-A7C429911F6D}.Debug|Any CPU.ActiveCfg = Debug|Any CPU
		{242980A0-5CD1-4ACD-816A-A7C429911F6D}.Debug|Any CPU.Build.0 = Debug|Any CPU
		{242980A0-5CD1-4ACD-816A-A7C429911F6D}.Release|Any CPU.ActiveCfg = Release|Any CPU
		{242980A0-5CD1-4ACD-816A-A7C429911F6D}.Release|Any CPU.Build.0 = Release|Any CPU
	EndGlobalSection
	GlobalSection(SolutionProperties) = preSolution
		HideSolutionNode = FALSE
	EndGlobalSection
	GlobalSection(ExtensibilityGlobals) = postSolution
		SolutionGuid = {FB036ED0-E362-44D2-991D-5499B20EEF54}
	EndGlobalSection
EndGlobal
